version: 1.0
shards:
  bisect:
    github: spider-gazelle/bisect
    version: 1.2.0

  cron_parser:
    github: kostya/cron_parser
    version: 0.3.0

  db:
    github: crystal-lang/crystal-db
    version: 0.8.0

  discordcr:
    github: discordcr/discordcr
    commit: f55992da080f3ca1a4e02d0b96ce3e61fadd0471

  discordcr-middleware:
    github: z64/discordcr-middleware
    commit: 5c0b2ba082839aef76b6f452eacb30a54bdd2675

  discordcr-plugin:
    github: z64/discordcr-plugin
    commit: a96031f95337bf1aa6ba212007c84f4c0c4a2c99

  pg:
    github: will/crystal-pg
    version: 0.20.0

  rate_limiter:
    github: z64/rate_limiter
    commit: b9992a7c474f9f863aa34ac677244d6b520cba97

  tasker:
    github: spider-gazelle/tasker
    version: 1.2.2

